
Microsoft Visual Studio Solution File, Format Version 12.00
# Visual Studio Version 16
VisualStudioVersion = 16.0.31313.79
MinimumVisualStudioVersion = 10.0.40219.1
Project("{FAE04EC0-301F-11D3-BF4B-00C04F79EFBC}") = "OcasaPabloInsua", "OcasaPabloInsua\OcasaPabloInsua.csproj", "{FACD030B-DCC6-4BA9-80FF-E800E63547F3}"
EndProject
Global
	GlobalSection(SolutionConfigurationPlatforms) = preSolution
		Debug|Any CPU = Debug|Any CPU
		Release|Any CPU = Release|Any CPU
	EndGlobalSection
	GlobalSection(ProjectConfigurationPlatforms) = postSolution
		{FACD030B-DCC6-4BA9-80FF-E800E63547F3}.Debug|Any CPU.ActiveCfg = Debug|Any CPU
		{FACD030B-DCC6-4BA9-80FF-E800E63547F3}.Debug|Any CPU.Build.0 = Debug|Any CPU
		{FACD030B-DCC6-4BA9-80FF-E800E63547F3}.Release|Any CPU.ActiveCfg = Release|Any CPU
		{FACD030B-DCC6-4BA9-80FF-E800E63547F3}.Release|Any CPU.Build.0 = Release|Any CPU
	EndGlobalSection
	GlobalSection(SolutionProperties) = preSolution
		HideSolutionNode = FALSE
	EndGlobalSection
	GlobalSection(ExtensibilityGlobals) = postSolution
		SolutionGuid = {EF4FFEC3-E1CD-4001-AE7F-6AF527D1D22D}
	EndGlobalSection
EndGlobal
